
Microsoft Visual Studio Solution File, Format Version 12.00
# Visual Studio Version 17
VisualStudioVersion = 17.9.34701.34
MinimumVisualStudioVersion = 10.0.40219.1
Project("{9A19103F-16F7-4668-BE54-9A1E7A4F7556}") = "Online PDF Converter", "Online PDF Converter.csproj", "{A09958A9-21FD-4F5C-940F-6AE6DABA7000}"
EndProject
Global
	GlobalSection(SolutionConfigurationPlatforms) = preSolution
		Debug|Any CPU = Debug|Any CPU
		Release|Any CPU = Release|Any CPU
	EndGlobalSection
	GlobalSection(ProjectConfigurationPlatforms) = postSolution
		{A09958A9-21FD-4F5C-940F-6AE6DABA7000}.Debug|Any CPU.ActiveCfg = Debug|Any CPU
		{A09958A9-21FD-4F5C-940F-6AE6DABA7000}.Debug|Any CPU.Build.0 = Debug|Any CPU
		{A09958A9-21FD-4F5C-940F-6AE6DABA7000}.Release|Any CPU.ActiveCfg = Release|Any CPU
		{A09958A9-21FD-4F5C-940F-6AE6DABA7000}.Release|Any CPU.Build.0 = Release|Any CPU
	EndGlobalSection
	GlobalSection(SolutionProperties) = preSolution
		HideSolutionNode = FALSE
	EndGlobalSection
	GlobalSection(ExtensibilityGlobals) = postSolution
		SolutionGuid = {196DC8A0-53F8-4331-B9AD-D08DEDB3BA0A}
	EndGlobalSection
EndGlobal
